{
  "version": 1,
  "dependencies": {
    "net9.0": {
      "Testcontainers": {
        "type": "Direct",
        "requested": "[4.12.0, )",
        "resolved": "4.12.0",
        "contentHash": "PTZRdG1ZVkFMsFbc3cK/VUaOB5L3l4wYL+OkWAK33/cvgd/5FcmZlQ6NhMAl3PWBqYkpdWmeYmQW9U2OIXqtFA==",
        "dependencies": {
          "Docker.DotNet.Enhanced": "4.2.0",
          "Docker.DotNet.Enhanced.X509": "4.2.0",
          "Microsoft.Extensions.Logging.Abstractions": "8.0.3",
          "SSH.NET": "2025.1.0",
          "SharpZipLib": "1.4.2"
        }
      },
      "ZstdSharp.Port": {
        "type": "Direct",
        "requested": "[0.8.8, )",
        "resolved": "0.8.8",
        "contentHash": "UIDFkA5DC3en3tOJ3Mof11yBx9kUQLsaeo/oFdvN6Bbkr9E9+VCqfIadHci8cu+I51K2Sl7XYWVl2R/mA75NBQ=="
      },
      "BouncyCastle.Cryptography": {
        "type": "Transitive",
        "resolved": "2.6.2",
        "contentHash": "7oWOcvnntmMKNzDLsdxAYqApt+AjpRpP2CShjMfIa3umZ42UQMvH0tl1qAliYPNYO6vTdcGMqnRrCPmsfzTI1w=="
      },
      "Docker.DotNet.Enhanced": {
        "type": "Transitive",
        "resolved": "4.2.0",
        "contentHash": "tm2V/DpnaURbBhMQ7Z3orNR3u+H863KQuYfA/sgGjI5py07dEeV0I02f6pGrx2869KG9uNM/E96puf9i0gId2w==",
        "dependencies": {
          "Docker.DotNet.Enhanced.Handler.Abstractions": "4.2.0",
          "Docker.DotNet.Enhanced.LegacyHttp": "4.2.0",
          "Docker.DotNet.Enhanced.NPipe": "4.2.0",
          "Docker.DotNet.Enhanced.NativeHttp": "4.2.0",
          "Docker.DotNet.Enhanced.Unix": "4.2.0",
          "Microsoft.Extensions.Logging.Abstractions": "8.0.3"
        }
      },
      "Docker.DotNet.Enhanced.Handler.Abstractions": {
        "type": "Transitive",
        "resolved": "4.2.0",
        "contentHash": "cQNxpdadEPdNdfjFCl9vgoCQIK3aVHRn1Qlu36aZUFpp4xHfPrk4hRPNVLR/CpobIFJ+dAt8AceTKMlCfPSccw==",
        "dependencies": {
          "Microsoft.Extensions.Logging.Abstractions": "8.0.3"
        }
      },
      "Docker.DotNet.Enhanced.LegacyHttp": {
        "type": "Transitive",
        "resolved": "4.2.0",
        "contentHash": "sfbMX1HBPUec3PEMoqlP5ak6skXclcTBmu4gG3aUJatP34J2DgvYMP13bvz/rfrjVkAhPqnIiDKiHAkBCokajg==",
        "dependencies": {
          "Docker.DotNet.Enhanced.Handler.Abstractions": "4.2.0"
        }
      },
      "Docker.DotNet.Enhanced.NativeHttp": {
        "type": "Transitive",
        "resolved": "4.2.0",
        "contentHash": "/ll+2ePYm1qrsMdgMO5BzCQnbfTGmPJAc9SqXEManbliVBZvEpBKHXLugx/OeEca2oC/b4RV+UNPtue5u4jAuA==",
        "dependencies": {
          "Docker.DotNet.Enhanced.Handler.Abstractions": "4.2.0"
        }
      },
      "Docker.DotNet.Enhanced.NPipe": {
        "type": "Transitive",
        "resolved": "4.2.0",
        "contentHash": "8wyYOD6VkvqRkITwsvkt3UbW/1WDl6NFypNAsIIDaMiglNRzFrQcK0nK9VUEZa6Oja8Bso3UYySDoL8qatatAA==",
        "dependencies": {
          "Docker.DotNet.Enhanced.Handler.Abstractions": "4.2.0"
        }
      },
      "Docker.DotNet.Enhanced.Unix": {
        "type": "Transitive",
        "resolved": "4.2.0",
        "contentHash": "x0wNcbww1+p9nUfw8i+JvsSArBDGkoZ9GI2PZ1wPo85B2OiFrdzp89omounNhO2GKyaIRWAqAm5jYZyNg9EnxA==",
        "dependencies": {
          "Docker.DotNet.Enhanced.Handler.Abstractions": "4.2.0"
        }
      },
      "Docker.DotNet.Enhanced.X509": {
        "type": "Transitive",
        "resolved": "4.2.0",
        "contentHash": "nMw+FHGwGZieDi7kBgpIVl+E8MzjzXeXHvMQpidLADT06fts2Gw6G+K+p0hMGv7liZULxyYiZnQ1UbE2B9NNQg==",
        "dependencies": {
          "Docker.DotNet.Enhanced.Handler.Abstractions": "4.2.0"
        }
      },
      "Microsoft.Extensions.DependencyInjection.Abstractions": {
        "type": "Transitive",
        "resolved": "8.0.2",
        "contentHash": "3iE7UF7MQkCv1cxzCahz+Y/guQbTqieyxyaWKhrRO91itI9cOKO76OHeQDahqG4MmW5umr3CcCvGmK92lWNlbg=="
      },
      "Microsoft.Extensions.Logging.Abstractions": {
        "type": "Transitive",
        "resolved": "8.0.3",
        "contentHash": "dL0QGToTxggRLMYY4ZYX5AMwBb+byQBd/5dMiZE07Nv73o6I5Are3C7eQTh7K2+A4ct0PVISSr7TZANbiNb2yQ==",
        "dependencies": {
          "Microsoft.Extensions.DependencyInjection.Abstractions": "8.0.2"
        }
      },
      "SharpZipLib": {
        "type": "Transitive",
        "resolved": "1.4.2",
        "contentHash": "yjj+3zgz8zgXpiiC3ZdF/iyTBbz2fFvMxZFEBPUcwZjIvXOf37Ylm+K58hqMfIBt5JgU/Z2uoUS67JmTLe973A=="
      },
      "SSH.NET": {
        "type": "Transitive",
        "resolved": "2025.1.0",
        "contentHash": "jrnbtf0ItVaXAe6jE8X/kSLa6uC+0C+7W1vepcnRQB/rD88qy4IxG7Lf1FIbWmkoc4iVXv0pKrz+Wc6J4ngmHw==",
        "dependencies": {
          "BouncyCastle.Cryptography": "2.6.2",
          "Microsoft.Extensions.Logging.Abstractions": "8.0.3"
        }
      }
    }
  }
}