{
  "version": 1,
  "dependencies": {
    "net9.0": {
      "Microsoft.NET.Test.Sdk": {
        "type": "Direct",
        "requested": "[17.14.1, )",
        "resolved": "17.14.1",
        "contentHash": "HJKqKOE+vshXra2aEHpi2TlxYX7Z9VFYkr+E5rwEvHC8eIXiyO+K9kNm8vmNom3e2rA56WqxU+/N9NJlLGXsJQ==",
        "dependencies": {
          "Microsoft.CodeCoverage": "17.14.1",
          "Microsoft.TestPlatform.TestHost": "17.14.1"
        }
      },
      "xunit": {
        "type": "Direct",
        "requested": "[2.9.3, )",
        "resolved": "2.9.3",
        "contentHash": "TlXQBinK35LpOPKHAqbLY4xlEen9TBafjs0V5KnA4wZsoQLQJiirCR4CbIXvOH8NzkW4YeJKP5P/Bnrodm0h9Q==",
        "dependencies": {
          "xunit.analyzers": "1.18.0",
          "xunit.assert": "2.9.3",
          "xunit.core": "[2.9.3]"
        }
      },
      "xunit.runner.visualstudio": {
        "type": "Direct",
        "requested": "[2.8.2, )",
        "resolved": "2.8.2",
        "contentHash": "vm1tbfXhFmjFMUmS4M0J0ASXz3/U5XvXBa6DOQUL3fEz4Vt6YPhv+ESCarx6M6D+9kJkJYZKCNvJMas1+nVfmQ=="
      },
      "BouncyCastle.Cryptography": {
        "type": "Transitive",
        "resolved": "2.6.2",
        "contentHash": "7oWOcvnntmMKNzDLsdxAYqApt+AjpRpP2CShjMfIa3umZ42UQMvH0tl1qAliYPNYO6vTdcGMqnRrCPmsfzTI1w=="
      },
      "Docker.DotNet.Enhanced": {
        "type": "Transitive",
        "resolved": "4.2.0",
        "contentHash": "tm2V/DpnaURbBhMQ7Z3orNR3u+H863KQuYfA/sgGjI5py07dEeV0I02f6pGrx2869KG9uNM/E96puf9i0gId2w==",
        "dependencies": {
          "Docker.DotNet.Enhanced.Handler.Abstractions": "4.2.0",
          "Docker.DotNet.Enhanced.LegacyHttp": "4.2.0",
          "Docker.DotNet.Enhanced.NPipe": "4.2.0",
          "Docker.DotNet.Enhanced.NativeHttp": "4.2.0",
          "Docker.DotNet.Enhanced.Unix": "4.2.0",
          "Microsoft.Extensions.Logging.Abstractions": "8.0.3"
        }
      },
      "Docker.DotNet.Enhanced.Handler.Abstractions": {
        "type": "Transitive",
        "resolved": "4.2.0",
        "contentHash": "cQNxpdadEPdNdfjFCl9vgoCQIK3aVHRn1Qlu36aZUFpp4xHfPrk4hRPNVLR/CpobIFJ+dAt8AceTKMlCfPSccw==",
        "dependencies": {
          "Microsoft.Extensions.Logging.Abstractions": "8.0.3"
        }
      },
      "Docker.DotNet.Enhanced.LegacyHttp": {
        "type": "Transitive",
        "resolved": "4.2.0",
        "contentHash": "sfbMX1HBPUec3PEMoqlP5ak6skXclcTBmu4gG3aUJatP34J2DgvYMP13bvz/rfrjVkAhPqnIiDKiHAkBCokajg==",
        "dependencies": {
          "Docker.DotNet.Enhanced.Handler.Abstractions": "4.2.0"
        }
      },
      "Docker.DotNet.Enhanced.NativeHttp": {
        "type": "Transitive",
        "resolved": "4.2.0",
        "contentHash": "/ll+2ePYm1qrsMdgMO5BzCQnbfTGmPJAc9SqXEManbliVBZvEpBKHXLugx/OeEca2oC/b4RV+UNPtue5u4jAuA==",
        "dependencies": {
          "Docker.DotNet.Enhanced.Handler.Abstractions": "4.2.0"
        }
      },
      "Docker.DotNet.Enhanced.NPipe": {
        "type": "Transitive",
        "resolved": "4.2.0",
        "contentHash": "8wyYOD6VkvqRkITwsvkt3UbW/1WDl6NFypNAsIIDaMiglNRzFrQcK0nK9VUEZa6Oja8Bso3UYySDoL8qatatAA==",
        "dependencies": {
          "Docker.DotNet.Enhanced.Handler.Abstractions": "4.2.0"
        }
      },
      "Docker.DotNet.Enhanced.Unix": {
        "type": "Transitive",
        "resolved": "4.2.0",
        "contentHash": "x0wNcbww1+p9nUfw8i+JvsSArBDGkoZ9GI2PZ1wPo85B2OiFrdzp89omounNhO2GKyaIRWAqAm5jYZyNg9EnxA==",
        "dependencies": {
          "Docker.DotNet.Enhanced.Handler.Abstractions": "4.2.0"
        }
      },
      "Docker.DotNet.Enhanced.X509": {
        "type": "Transitive",
        "resolved": "4.2.0",
        "contentHash": "nMw+FHGwGZieDi7kBgpIVl+E8MzjzXeXHvMQpidLADT06fts2Gw6G+K+p0hMGv7liZULxyYiZnQ1UbE2B9NNQg==",
        "dependencies": {
          "Docker.DotNet.Enhanced.Handler.Abstractions": "4.2.0"
        }
      },
      "Microsoft.CodeCoverage": {
        "type": "Transitive",
        "resolved": "17.14.1",
        "contentHash": "pmTrhfFIoplzFVbhVwUquT+77CbGH+h4/3mBpdmIlYtBi9nAB+kKI6dN3A/nV4DFi3wLLx/BlHIPK+MkbQ6Tpg=="
      },
      "Microsoft.Extensions.DependencyInjection.Abstractions": {
        "type": "Transitive",
        "resolved": "8.0.2",
        "contentHash": "3iE7UF7MQkCv1cxzCahz+Y/guQbTqieyxyaWKhrRO91itI9cOKO76OHeQDahqG4MmW5umr3CcCvGmK92lWNlbg=="
      },
      "Microsoft.Extensions.Logging.Abstractions": {
        "type": "Transitive",
        "resolved": "8.0.3",
        "contentHash": "dL0QGToTxggRLMYY4ZYX5AMwBb+byQBd/5dMiZE07Nv73o6I5Are3C7eQTh7K2+A4ct0PVISSr7TZANbiNb2yQ==",
        "dependencies": {
          "Microsoft.Extensions.DependencyInjection.Abstractions": "8.0.2"
        }
      },
      "Microsoft.TestPlatform.ObjectModel": {
        "type": "Transitive",
        "resolved": "17.14.1",
        "contentHash": "xTP1W6Mi6SWmuxd3a+jj9G9UoC850WGwZUps1Wah9r1ZxgXhdJfj1QqDLJkFjHDCvN42qDL2Ps5KjQYWUU0zcQ==",
        "dependencies": {
          "System.Reflection.Metadata": "8.0.0"
        }
      },
      "Microsoft.TestPlatform.TestHost": {
        "type": "Transitive",
        "resolved": "17.14.1",
        "contentHash": "d78LPzGKkJwsJXAQwsbJJ7LE7D1wB+rAyhHHAaODF+RDSQ0NgMjDFkSA1Djw18VrxO76GlKAjRUhl+H8NL8Z+Q==",
        "dependencies": {
          "Microsoft.TestPlatform.ObjectModel": "17.14.1",
          "Newtonsoft.Json": "13.0.3"
        }
      },
      "Newtonsoft.Json": {
        "type": "Transitive",
        "resolved": "13.0.3",
        "contentHash": "HrC5BXdl00IP9zeV+0Z848QWPAoCr9P3bDEZguI+gkLcBKAOxix/tLEAAHC+UvDNPv4a2d18lOReHMOagPa+zQ=="
      },
      "SharpZipLib": {
        "type": "Transitive",
        "resolved": "1.4.2",
        "contentHash": "yjj+3zgz8zgXpiiC3ZdF/iyTBbz2fFvMxZFEBPUcwZjIvXOf37Ylm+K58hqMfIBt5JgU/Z2uoUS67JmTLe973A=="
      },
      "SSH.NET": {
        "type": "Transitive",
        "resolved": "2025.1.0",
        "contentHash": "jrnbtf0ItVaXAe6jE8X/kSLa6uC+0C+7W1vepcnRQB/rD88qy4IxG7Lf1FIbWmkoc4iVXv0pKrz+Wc6J4ngmHw==",
        "dependencies": {
          "BouncyCastle.Cryptography": "2.6.2",
          "Microsoft.Extensions.Logging.Abstractions": "8.0.3"
        }
      },
      "System.Collections.Immutable": {
        "type": "Transitive",
        "resolved": "8.0.0",
        "contentHash": "AurL6Y5BA1WotzlEvVaIDpqzpIPvYnnldxru8oXJU2yFxFUy3+pNXjXd1ymO+RA0rq0+590Q8gaz2l3Sr7fmqg=="
      },
      "System.Reflection.Metadata": {
        "type": "Transitive",
        "resolved": "8.0.0",
        "contentHash": "ptvgrFh7PvWI8bcVqG5rsA/weWM09EnthFHR5SCnS6IN+P4mj6rE1lBDC4U8HL9/57htKAqy4KQ3bBj84cfYyQ==",
        "dependencies": {
          "System.Collections.Immutable": "8.0.0"
        }
      },
      "Testcontainers": {
        "type": "Transitive",
        "resolved": "4.12.0",
        "contentHash": "PTZRdG1ZVkFMsFbc3cK/VUaOB5L3l4wYL+OkWAK33/cvgd/5FcmZlQ6NhMAl3PWBqYkpdWmeYmQW9U2OIXqtFA==",
        "dependencies": {
          "Docker.DotNet.Enhanced": "4.2.0",
          "Docker.DotNet.Enhanced.X509": "4.2.0",
          "Microsoft.Extensions.Logging.Abstractions": "8.0.3",
          "SSH.NET": "2025.1.0",
          "SharpZipLib": "1.4.2"
        }
      },
      "xunit.abstractions": {
        "type": "Transitive",
        "resolved": "2.0.3",
        "contentHash": "pot1I4YOxlWjIb5jmwvvQNbTrZ3lJQ+jUGkGjWE3hEFM0l5gOnBWS+H3qsex68s5cO52g+44vpGzhAt+42vwKg=="
      },
      "xunit.analyzers": {
        "type": "Transitive",
        "resolved": "1.18.0",
        "contentHash": "OtFMHN8yqIcYP9wcVIgJrq01AfTxijjAqVDy/WeQVSyrDC1RzBWeQPztL49DN2syXRah8TYnfvk035s7L95EZQ=="
      },
      "xunit.assert": {
        "type": "Transitive",
        "resolved": "2.9.3",
        "contentHash": "/Kq28fCE7MjOV42YLVRAJzRF0WmEqsmflm0cfpMjGtzQ2lR5mYVj1/i0Y8uDAOLczkL3/jArrwehfMD0YogMAA=="
      },
      "xunit.core": {
        "type": "Transitive",
        "resolved": "2.9.3",
        "contentHash": "BiAEvqGvyme19wE0wTKdADH+NloYqikiU0mcnmiNyXaF9HyHmE6sr/3DC5vnBkgsWaE6yPyWszKSPSApWdRVeQ==",
        "dependencies": {
          "xunit.extensibility.core": "[2.9.3]",
          "xunit.extensibility.execution": "[2.9.3]"
        }
      },
      "xunit.extensibility.core": {
        "type": "Transitive",
        "resolved": "2.9.3",
        "contentHash": "kf3si0YTn2a8J8eZNb+zFpwfoyvIrQ7ivNk5ZYA5yuYk1bEtMe4DxJ2CF/qsRgmEnDr7MnW1mxylBaHTZ4qErA==",
        "dependencies": {
          "xunit.abstractions": "2.0.3"
        }
      },
      "xunit.extensibility.execution": {
        "type": "Transitive",
        "resolved": "2.9.3",
        "contentHash": "yMb6vMESlSrE3Wfj7V6cjQ3S4TXdXpRqYeNEI3zsX31uTsGMJjEw6oD5F5u1cHnMptjhEECnmZSsPxB6ChZHDQ==",
        "dependencies": {
          "xunit.extensibility.core": "[2.9.3]"
        }
      },
      "ZstdSharp.Port": {
        "type": "Transitive",
        "resolved": "0.8.8",
        "contentHash": "UIDFkA5DC3en3tOJ3Mof11yBx9kUQLsaeo/oFdvN6Bbkr9E9+VCqfIadHci8cu+I51K2Sl7XYWVl2R/mA75NBQ=="
      },
      "sso-auth.testenv": {
        "type": "Project",
        "dependencies": {
          "Testcontainers": "[4.12.0, )",
          "ZstdSharp.Port": "[0.8.8, )"
        }
      }
    }
  }
}